{
    "_readme": [
        "This file locks the dependencies of your project to a known state",
        "Read more about it at https://getcomposer.org/doc/01-basic-usage.md#composer-lock-the-lock-file",
        "This file is @generated automatically"
    ],
    "hash": "e62fd4f904abe7c6b03fa3b843e97c39",
    "content-hash": "0fe6272bcfa50de4eb33cab94cc4030a",
    "packages": [
        {
            "name": "sunra/php-simple-html-dom-parser",
            "version": "v1.5.0",
            "source": {
                "type": "git",
                "url": "https://github.com/sunra/php-simple-html-dom-parser.git",
                "reference": "a0b80ace086c7e09085669205e1b3c2c9c7a453c"
            },
            "dist": {
                "type": "zip",
                "url": "https://api.github.com/repos/sunra/php-simple-html-dom-parser/zipball/a0b80ace086c7e09085669205e1b3c2c9c7a453c",
                "reference": "a0b80ace086c7e09085669205e1b3c2c9c7a453c",
                "shasum": ""
            },
            "require": {
                "php": ">=5.3.2"
            },
            "type": "library",
            "autoload": {
                "psr-0": {
                    "Sunra\\PhpSimple\\HtmlDomParser": "Src/"
                }
            },
            "notification-url": "https://packagist.org/downloads/",
            "license": [
                "MIT"
            ],
            "authors": [
                {
                    "name": "Sunra",
                    "email": "sunra@yandex.ru",
                    "homepage": "http://github.com/sunra"
                }
            ],
            "description": "Composer adaptation of: A HTML DOM parser written in PHP5+ let you manipulate HTML in a very easy way! Require PHP 5+. Supports invalid HTML. Find tags on an HTML page with selectors just like jQuery. Extract contents from HTML in a single line.",
            "homepage": "https://github.com/sunra/php-simple-html-dom-parser",
            "keywords": [
                "dom",
                "html",
                "parser"
            ],
            "time": "2013-05-04 14:32:03"
        },
        {
            "name": "zf1/zend-cache",
            "version": "1.12.11",
            "source": {
                "type": "git",
                "url": "https://github.com/zf1/zend-cache.git",
                "reference": "c3a6fc20f5d5c5ab7adc16f29f33eb5b2e00d86e"
            },
            "dist": {
                "type": "zip",
                "url": "https://api.github.com/repos/zf1/zend-cache/zipball/c3a6fc20f5d5c5ab7adc16f29f33eb5b2e00d86e",
                "reference": "c3a6fc20f5d5c5ab7adc16f29f33eb5b2e00d86e",
                "shasum": ""
            },
            "require": {
                "php": ">=5.2.11",
                "zf1/zend-exception": "self.version"
            },
            "suggest": {
                "zf1/zend-log": "Used in special situations or with special adapters"
            },
            "type": "library",
            "autoload": {
                "psr-0": {
                    "Zend_Cache": "library/"
                }
            },
            "notification-url": "https://packagist.org/downloads/",
            "license": [
                "BSD-3-Clause"
            ],
            "description": "Zend Framework 1 Cache package",
            "homepage": "http://framework.zend.com/",
            "keywords": [
                "ZF1",
                "cache",
                "framework",
                "zend"
            ],
            "time": "2015-04-30 11:07:42"
        },
        {
            "name": "zf1/zend-exception",
            "version": "1.12.11",
            "source": {
                "type": "git",
                "url": "https://github.com/zf1/zend-exception.git",
                "reference": "ca30959d3e2f522f481a3d1459386acf1aa4ca74"
            },
            "dist": {
                "type": "zip",
                "url": "https://api.github.com/repos/zf1/zend-exception/zipball/ca30959d3e2f522f481a3d1459386acf1aa4ca74",
                "reference": "ca30959d3e2f522f481a3d1459386acf1aa4ca74",
                "shasum": ""
            },
            "require": {
                "php": ">=5.2.11"
            },
            "type": "library",
            "autoload": {
                "psr-0": {
                    "Zend_Exception": "library/"
                }
            },
            "notification-url": "https://packagist.org/downloads/",
            "license": [
                "BSD-3-Clause"
            ],
            "description": "Zend Framework 1 Exception package",
            "homepage": "http://framework.zend.com/",
            "keywords": [
                "ZF1",
                "exception",
                "framework",
                "zend"
            ],
            "time": "2015-04-30 11:10:20"
        },
        {
            "name": "zf1/zend-loader",
            "version": "1.12.11",
            "source": {
                "type": "git",
                "url": "https://github.com/zf1/zend-loader.git",
                "reference": "42c49c862bf095bdd64e9f1728cb04051c2c2abe"
            },
            "dist": {
                "type": "zip",
                "url": "https://api.github.com/repos/zf1/zend-loader/zipball/42c49c862bf095bdd64e9f1728cb04051c2c2abe",
                "reference": "42c49c862bf095bdd64e9f1728cb04051c2c2abe",
                "shasum": ""
            },
            "require": {
                "php": ">=5.2.11",
                "zf1/zend-exception": "self.version"
            },
            "type": "library",
            "autoload": {
                "psr-0": {
                    "Zend_Loader": "library/"
                }
            },
            "notification-url": "https://packagist.org/downloads/",
            "license": [
                "BSD-3-Clause"
            ],
            "description": "Zend Framework 1 Loader package",
            "homepage": "http://framework.zend.com/",
            "keywords": [
                "ZF1",
                "framework",
                "loader",
                "zend"
            ],
            "time": "2015-04-30 11:07:31"
        },
        {
            "name": "zf1/zend-locale",
            "version": "1.12.11",
            "source": {
                "type": "git",
                "url": "https://github.com/zf1/zend-locale.git",
                "reference": "370ec210a082221d83edf6d057371f0393733c8f"
            },
            "dist": {
                "type": "zip",
                "url": "https://api.github.com/repos/zf1/zend-locale/zipball/370ec210a082221d83edf6d057371f0393733c8f",
                "reference": "370ec210a082221d83edf6d057371f0393733c8f",
                "shasum": ""
            },
            "require": {
                "php": ">=5.2.11",
                "zf1/zend-cache": "self.version",
                "zf1/zend-exception": "self.version",
                "zf1/zend-xml": "self.version"
            },
            "suggest": {
                "zf1/zend-registry": "Used in special situations or with special adapters"
            },
            "type": "library",
            "autoload": {
                "psr-0": {
                    "Zend_Locale": "library/"
                }
            },
            "notification-url": "https://packagist.org/downloads/",
            "license": [
                "BSD-3-Clause"
            ],
            "description": "Zend Framework 1 Locale package",
            "homepage": "http://framework.zend.com/",
            "keywords": [
                "ZF1",
                "framework",
                "locale",
                "zend"
            ],
            "time": "2015-04-30 11:10:41"
        },
        {
            "name": "zf1/zend-mail",
            "version": "1.12.11",
            "source": {
                "type": "git",
                "url": "https://github.com/zf1/zend-mail.git",
                "reference": "24c8847df94836006c1e0f2dd4209dd46fa11bf1"
            },
            "dist": {
                "type": "zip",
                "url": "https://api.github.com/repos/zf1/zend-mail/zipball/24c8847df94836006c1e0f2dd4209dd46fa11bf1",
                "reference": "24c8847df94836006c1e0f2dd4209dd46fa11bf1",
                "shasum": ""
            },
            "require": {
                "php": ">=5.2.11",
                "zf1/zend-exception": "self.version",
                "zf1/zend-loader": "self.version",
                "zf1/zend-mime": "self.version",
                "zf1/zend-validate": "self.version"
            },
            "type": "library",
            "autoload": {
                "psr-0": {
                    "Zend_Mail": "library/"
                }
            },
            "notification-url": "https://packagist.org/downloads/",
            "license": [
                "BSD-3-Clause"
            ],
            "description": "Zend Framework 1 Mail package",
            "homepage": "http://framework.zend.com/",
            "keywords": [
                "ZF1",
                "framework",
                "mail",
                "zend"
            ],
            "time": "2015-04-30 11:12:23"
        },
        {
            "name": "zf1/zend-mime",
            "version": "1.12.11",
            "source": {
                "type": "git",
                "url": "https://github.com/zf1/zend-mime.git",
                "reference": "1ad54a9851dadfb0b1dc67268baf0db4fb0112b0"
            },
            "dist": {
                "type": "zip",
                "url": "https://api.github.com/repos/zf1/zend-mime/zipball/1ad54a9851dadfb0b1dc67268baf0db4fb0112b0",
                "reference": "1ad54a9851dadfb0b1dc67268baf0db4fb0112b0",
                "shasum": ""
            },
            "require": {
                "php": ">=5.2.11",
                "zf1/zend-exception": "self.version"
            },
            "type": "library",
            "autoload": {
                "psr-0": {
                    "Zend_Mime": "library/"
                }
            },
            "notification-url": "https://packagist.org/downloads/",
            "license": [
                "BSD-3-Clause"
            ],
            "description": "Zend Framework 1 Mime package",
            "homepage": "http://framework.zend.com/",
            "keywords": [
                "ZF1",
                "framework",
                "mime",
                "zend"
            ],
            "time": "2015-04-30 11:08:38"
        },
        {
            "name": "zf1/zend-validate",
            "version": "1.12.11",
            "source": {
                "type": "git",
                "url": "https://github.com/zf1/zend-validate.git",
                "reference": "ec46021e393fff2760de5f7e3629c6997fafb3ad"
            },
            "dist": {
                "type": "zip",
                "url": "https://api.github.com/repos/zf1/zend-validate/zipball/ec46021e393fff2760de5f7e3629c6997fafb3ad",
                "reference": "ec46021e393fff2760de5f7e3629c6997fafb3ad",
                "shasum": ""
            },
            "require": {
                "php": ">=5.2.11",
                "zf1/zend-exception": "self.version",
                "zf1/zend-loader": "self.version",
                "zf1/zend-locale": "self.version"
            },
            "suggest": {
                "zf1/zend-date": "Used in special situations or with special adapters",
                "zf1/zend-filter": "Used in special situations or with special adapters",
                "zf1/zend-registry": "Used in special situations or with special adapters"
            },
            "type": "library",
            "autoload": {
                "psr-0": {
                    "Zend_Validate": "library/"
                }
            },
            "notification-url": "https://packagist.org/downloads/",
            "license": [
                "BSD-3-Clause"
            ],
            "description": "Zend Framework 1 Validate package",
            "homepage": "http://framework.zend.com/",
            "keywords": [
                "ZF1",
                "framework",
                "validate",
                "zend"
            ],
            "time": "2015-04-30 11:08:13"
        },
        {
            "name": "zf1/zend-xml",
            "version": "1.12.11",
            "source": {
                "type": "git",
                "url": "https://github.com/zf1/zend-xml.git",
                "reference": "330ca342f69ad446b874158acc9b90dc43d9bbaa"
            },
            "dist": {
                "type": "zip",
                "url": "https://api.github.com/repos/zf1/zend-xml/zipball/330ca342f69ad446b874158acc9b90dc43d9bbaa",
                "reference": "330ca342f69ad446b874158acc9b90dc43d9bbaa",
                "shasum": ""
            },
            "require": {
                "php": ">=5.2.11",
                "zf1/zend-exception": "self.version"
            },
            "type": "library",
            "autoload": {
                "psr-0": {
                    "Zend_Xml": "library/"
                }
            },
            "notification-url": "https://packagist.org/downloads/",
            "license": [
                "BSD-3-Clause"
            ],
            "description": "Zend Framework 1 Xml package",
            "homepage": "http://framework.zend.com/",
            "keywords": [
                "ZF1",
                "framework",
                "xml",
                "zend"
            ],
            "time": "2015-04-30 11:12:33"
        }
    ],
    "packages-dev": [],
    "aliases": [],
    "minimum-stability": "stable",
    "stability-flags": [],
    "prefer-stable": false,
    "prefer-lowest": false,
    "platform": [],
    "platform-dev": []
}
